Microsoft Visual Studio Solution File, Format Version 11.00
# Visual Studio 2008

Project("{5076930D-40FD-AE13-6B8A-C6A506D21C9D}") = "MakingTime_Xi", "Assembly-CSharp.csproj", "{F11BB704-FB27-F43A-4B72-92CD573DCD7C}"
EndProject
Global
	GlobalSection(SolutionConfigurationPlatforms) = preSolution
		Debug|Any CPU = Debug|Any CPU
		Release|Any CPU = Release|Any CPU
	EndGlobalSection
	GlobalSection(ProjectConfigurationPlatforms) = postSolution
		{F11BB704-FB27-F43A-4B72-92CD573DCD7C}.Debug|Any CPU.ActiveCfg = Debug|Any CPU
		{F11BB704-FB27-F43A-4B72-92CD573DCD7C}.Debug|Any CPU.Build.0 = Debug|Any CPU
		{F11BB704-FB27-F43A-4B72-92CD573DCD7C}.Release|Any CPU.ActiveCfg = Release|Any CPU
		{F11BB704-FB27-F43A-4B72-92CD573DCD7C}.Release|Any CPU.Build.0 = Release|Any CPU
	EndGlobalSection
	GlobalSection(SolutionProperties) = preSolution
		HideSolutionNode = FALSE
	EndGlobalSection
	GlobalSection(MonoDevelopProperties) = preSolution
		StartupItem = Assembly-CSharp.csproj
	EndGlobalSection
EndGlobal
